
Microsoft Visual Studio Solution File, Format Version 12.00
# Visual Studio 15
VisualStudioVersion = 15.0.27703.2000
MinimumVisualStudioVersion = 10.0.40219.1
Project("{9A19103F-16F7-4668-BE54-9A1E7A4F7556}") = "SignalRCore", "..\SignalRCore\SignalRCore.csproj", "{3C4EAFC3-97B6-477C-BE1B-A5A5B4F50AD2}"
EndProject
Project("{9A19103F-16F7-4668-BE54-9A1E7A4F7556}") = "Reflection", "Reflection\Reflection.csproj", "{838486FB-FFBE-436F-9C33-51F8EE66C6EA}"
EndProject
Project("{9A19103F-16F7-4668-BE54-9A1E7A4F7556}") = "SignalREngine", "SignalREngine\SignalREngine.csproj", "{7B42F0CB-DFED-4727-B836-1CCD0AD12ABC}"
EndProject
Project("{E53339B2-1760-4266-BCC7-CA923CBCF16C}") = "docker-compose", "docker-compose.dcproj", "{D2D489E1-C03B-42B7-BBA9-E3681C90D4D8}"
EndProject
Project("{9A19103F-16F7-4668-BE54-9A1E7A4F7556}") = "Engine", "..\Engine\Engine.csproj", "{1D72F0FB-71AC-42F5-83C4-34D39A978E77}"
EndProject
Global
	GlobalSection(SolutionConfigurationPlatforms) = preSolution
		Debug|Any CPU = Debug|Any CPU
		Release|Any CPU = Release|Any CPU
	EndGlobalSection
	GlobalSection(ProjectConfigurationPlatforms) = postSolution
		{3C4EAFC3-97B6-477C-BE1B-A5A5B4F50AD2}.Debug|Any CPU.ActiveCfg = Debug|Any CPU
		{3C4EAFC3-97B6-477C-BE1B-A5A5B4F50AD2}.Debug|Any CPU.Build.0 = Debug|Any CPU
		{3C4EAFC3-97B6-477C-BE1B-A5A5B4F50AD2}.Release|Any CPU.ActiveCfg = Release|Any CPU
		{3C4EAFC3-97B6-477C-BE1B-A5A5B4F50AD2}.Release|Any CPU.Build.0 = Release|Any CPU
		{838486FB-FFBE-436F-9C33-51F8EE66C6EA}.Debug|Any CPU.ActiveCfg = Debug|Any CPU
		{838486FB-FFBE-436F-9C33-51F8EE66C6EA}.Debug|Any CPU.Build.0 = Debug|Any CPU
		{838486FB-FFBE-436F-9C33-51F8EE66C6EA}.Release|Any CPU.ActiveCfg = Release|Any CPU
		{838486FB-FFBE-436F-9C33-51F8EE66C6EA}.Release|Any CPU.Build.0 = Release|Any CPU
		{7B42F0CB-DFED-4727-B836-1CCD0AD12ABC}.Debug|Any CPU.ActiveCfg = Debug|Any CPU
		{7B42F0CB-DFED-4727-B836-1CCD0AD12ABC}.Debug|Any CPU.Build.0 = Debug|Any CPU
		{7B42F0CB-DFED-4727-B836-1CCD0AD12ABC}.Release|Any CPU.ActiveCfg = Release|Any CPU
		{7B42F0CB-DFED-4727-B836-1CCD0AD12ABC}.Release|Any CPU.Build.0 = Release|Any CPU
		{D2D489E1-C03B-42B7-BBA9-E3681C90D4D8}.Debug|Any CPU.ActiveCfg = Debug|Any CPU
		{D2D489E1-C03B-42B7-BBA9-E3681C90D4D8}.Debug|Any CPU.Build.0 = Debug|Any CPU
		{D2D489E1-C03B-42B7-BBA9-E3681C90D4D8}.Release|Any CPU.ActiveCfg = Release|Any CPU
		{D2D489E1-C03B-42B7-BBA9-E3681C90D4D8}.Release|Any CPU.Build.0 = Release|Any CPU
		{1D72F0FB-71AC-42F5-83C4-34D39A978E77}.Debug|Any CPU.ActiveCfg = Debug|Any CPU
		{1D72F0FB-71AC-42F5-83C4-34D39A978E77}.Debug|Any CPU.Build.0 = Debug|Any CPU
		{1D72F0FB-71AC-42F5-83C4-34D39A978E77}.Release|Any CPU.ActiveCfg = Release|Any CPU
		{1D72F0FB-71AC-42F5-83C4-34D39A978E77}.Release|Any CPU.Build.0 = Release|Any CPU
	EndGlobalSection
	GlobalSection(SolutionProperties) = preSolution
		HideSolutionNode = FALSE
	EndGlobalSection
	GlobalSection(ExtensibilityGlobals) = postSolution
		SolutionGuid = {AFB083C4-7908-470C-8B6A-5AF3112F7318}
	EndGlobalSection
EndGlobal
